
Microsoft Visual Studio Solution File, Format Version 12.00
# Visual Studio Version 16
VisualStudioVersion = 16.0.31911.196
MinimumVisualStudioVersion = 10.0.40219.1
Project("{FAE04EC0-301F-11D3-BF4B-00C04F79EFBC}") = "Addition", "Addition\Addition.csproj", "{CC8752FF-1EFD-45E2-B87A-4EE89AEF8B97}"
EndProject
Project("{FAE04EC0-301F-11D3-BF4B-00C04F79EFBC}") = "Task_2", "Task_2\Task_2.csproj", "{CC60E194-3FEF-4EEE-B7FD-662CA1D7DEA4}"
EndProject
Project("{FAE04EC0-301F-11D3-BF4B-00C04F79EFBC}") = "Task_3", "Task_3\Task_3.csproj", "{A9A057BA-8172-4B37-823B-A2840962CDC3}"
EndProject
Project("{FAE04EC0-301F-11D3-BF4B-00C04F79EFBC}") = "Task_4", "Task_4\Task_4.csproj", "{A3871926-550C-4F69-BD28-572F7F8432C9}"
EndProject
Global
	GlobalSection(SolutionConfigurationPlatforms) = preSolution
		Debug|Any CPU = Debug|Any CPU
		Release|Any CPU = Release|Any CPU
	EndGlobalSection
	GlobalSection(ProjectConfigurationPlatforms) = postSolution
		{CC8752FF-1EFD-45E2-B87A-4EE89AEF8B97}.Debug|Any CPU.ActiveCfg = Debug|Any CPU
		{CC8752FF-1EFD-45E2-B87A-4EE89AEF8B97}.Debug|Any CPU.Build.0 = Debug|Any CPU
		{CC8752FF-1EFD-45E2-B87A-4EE89AEF8B97}.Release|Any CPU.ActiveCfg = Release|Any CPU
		{CC8752FF-1EFD-45E2-B87A-4EE89AEF8B97}.Release|Any CPU.Build.0 = Release|Any CPU
		{CC60E194-3FEF-4EEE-B7FD-662CA1D7DEA4}.Debug|Any CPU.ActiveCfg = Debug|Any CPU
		{CC60E194-3FEF-4EEE-B7FD-662CA1D7DEA4}.Debug|Any CPU.Build.0 = Debug|Any CPU
		{CC60E194-3FEF-4EEE-B7FD-662CA1D7DEA4}.Release|Any CPU.ActiveCfg = Release|Any CPU
		{CC60E194-3FEF-4EEE-B7FD-662CA1D7DEA4}.Release|Any CPU.Build.0 = Release|Any CPU
		{A9A057BA-8172-4B37-823B-A2840962CDC3}.Debug|Any CPU.ActiveCfg = Debug|Any CPU
		{A9A057BA-8172-4B37-823B-A2840962CDC3}.Debug|Any CPU.Build.0 = Debug|Any CPU
		{A9A057BA-8172-4B37-823B-A2840962CDC3}.Release|Any CPU.ActiveCfg = Release|Any CPU
		{A9A057BA-8172-4B37-823B-A2840962CDC3}.Release|Any CPU.Build.0 = Release|Any CPU
		{A3871926-550C-4F69-BD28-572F7F8432C9}.Debug|Any CPU.ActiveCfg = Debug|Any CPU
		{A3871926-550C-4F69-BD28-572F7F8432C9}.Debug|Any CPU.Build.0 = Debug|Any CPU
		{A3871926-550C-4F69-BD28-572F7F8432C9}.Release|Any CPU.ActiveCfg = Release|Any CPU
		{A3871926-550C-4F69-BD28-572F7F8432C9}.Release|Any CPU.Build.0 = Release|Any CPU
	EndGlobalSection
	GlobalSection(SolutionProperties) = preSolution
		HideSolutionNode = FALSE
	EndGlobalSection
	GlobalSection(ExtensibilityGlobals) = postSolution
		SolutionGuid = {173FD0D5-E93A-4CE9-B839-255D9228C5BA}
	EndGlobalSection
EndGlobal
